Microsoft Visual Studio Solution File, Format Version 12.00
# Visual Studio Version 17
VisualStudioVersion = 17.5.2.0
MinimumVisualStudioVersion = 10.0.40219.1
Project("{FAE04EC0-301F-11D3-BF4B-00C04F79EFBC}") = "RazorPagesProject", "RazorPagesProject.csproj", "{5B42E6FD-0549-2C29-3922-47948D41E16C}"
EndProject
Global
	GlobalSection(SolutionConfigurationPlatforms) = preSolution
		Debug|Any CPU = Debug|Any CPU
		Release|Any CPU = Release|Any CPU
	EndGlobalSection
	GlobalSection(ProjectConfigurationPlatforms) = postSolution
		{5B42E6FD-0549-2C29-3922-47948D41E16C}.Debug|Any CPU.ActiveCfg = Debug|Any CPU
		{5B42E6FD-0549-2C29-3922-47948D41E16C}.Debug|Any CPU.Build.0 = Debug|Any CPU
		{5B42E6FD-0549-2C29-3922-47948D41E16C}.Release|Any CPU.ActiveCfg = Release|Any CPU
		{5B42E6FD-0549-2C29-3922-47948D41E16C}.Release|Any CPU.Build.0 = Release|Any CPU
	EndGlobalSection
	GlobalSection(SolutionProperties) = preSolution
		HideSolutionNode = FALSE
	EndGlobalSection
	GlobalSection(ExtensibilityGlobals) = postSolution
		SolutionGuid = {4C209EEC-7F30-4ED3-B55F-65E4CB0E0D1E}
	EndGlobalSection
EndGlobal
